
Microsoft Visual Studio Solution File, Format Version 12.00
# Visual Studio 15
VisualStudioVersion = 15.0.28010.2050
MinimumVisualStudioVersion = 10.0.40219.1
Project("{FAE04EC0-301F-11D3-BF4B-00C04F79EFBC}") = "CengApp.Android", "CengApp\CengApp.Android\CengApp.Android.csproj", "{47ADD5C4-1EFE-47EA-8600-588049B66B6B}"
EndProject
Project("{FAE04EC0-301F-11D3-BF4B-00C04F79EFBC}") = "CengApp.iOS", "CengApp\CengApp.iOS\CengApp.iOS.csproj", "{CD45410F-A592-4BEE-9CFD-53FC6BD107C0}"
EndProject
Project("{FAE04EC0-301F-11D3-BF4B-00C04F79EFBC}") = "CengApp", "CengApp\CengApp\CengApp.csproj", "{589FCCDD-3423-4CA4-BB64-A4BB5F6C31CF}"
EndProject
Global
	GlobalSection(SolutionConfigurationPlatforms) = preSolution
		Ad-Hoc|Any CPU = Ad-Hoc|Any CPU
		Ad-Hoc|iPhone = Ad-Hoc|iPhone
		Ad-Hoc|iPhoneSimulator = Ad-Hoc|iPhoneSimulator
		AppStore|Any CPU = AppStore|Any CPU
		AppStore|iPhone = AppStore|iPhone
		AppStore|iPhoneSimulator = AppStore|iPhoneSimulator
		Debug|Any CPU = Debug|Any CPU
		Debug|iPhone = Debug|iPhone
		Debug|iPhoneSimulator = Debug|iPhoneSimulator
		Release|Any CPU = Release|Any CPU
		Release|iPhone = Release|iPhone
		Release|iPhoneSimulator = Release|iPhoneSimulator
	EndGlobalSection
	GlobalSection(ProjectConfigurationPlatforms) = postSolution
		{47ADD5C4-1EFE-47EA-8600-588049B66B6B}.Ad-Hoc|Any CPU.ActiveCfg = Release|Any CPU
		{47ADD5C4-1EFE-47EA-8600-588049B66B6B}.Ad-Hoc|Any CPU.Build.0 = Release|Any CPU
		{47ADD5C4-1EFE-47EA-8600-588049B66B6B}.Ad-Hoc|Any CPU.Deploy.0 = Release|Any CPU
		{47ADD5C4-1EFE-47EA-8600-588049B66B6B}.Ad-Hoc|iPhone.ActiveCfg = Release|Any CPU
		{47ADD5C4-1EFE-47EA-8600-588049B66B6B}.Ad-Hoc|iPhone.Build.0 = Release|Any CPU
		{47ADD5C4-1EFE-47EA-8600-588049B66B6B}.Ad-Hoc|iPhone.Deploy.0 = Release|Any CPU
		{47ADD5C4-1EFE-47EA-8600-588049B66B6B}.Ad-Hoc|iPhoneSimulator.ActiveCfg = Release|Any CPU
		{47ADD5C4-1EFE-47EA-8600-588049B66B6B}.Ad-Hoc|iPhoneSimulator.Build.0 = Release|Any CPU
		{47ADD5C4-1EFE-47EA-8600-588049B66B6B}.Ad-Hoc|iPhoneSimulator.Deploy.0 = Release|Any CPU
		{47ADD5C4-1EFE-47EA-8600-588049B66B6B}.AppStore|Any CPU.ActiveCfg = Release|Any CPU
		{47ADD5C4-1EFE-47EA-8600-588049B66B6B}.AppStore|Any CPU.Build.0 = Release|Any CPU
		{47ADD5C4-1EFE-47EA-8600-588049B66B6B}.AppStore|Any CPU.Deploy.0 = Release|Any CPU
		{47ADD5C4-1EFE-47EA-8600-588049B66B6B}.AppStore|iPhone.ActiveCfg = Release|Any CPU
		{47ADD5C4-1EFE-47EA-8600-588049B66B6B}.AppStore|iPhone.Build.0 = Release|Any CPU
		{47ADD5C4-1EFE-47EA-8600-588049B66B6B}.AppStore|iPhone.Deploy.0 = Release|Any CPU
		{47ADD5C4-1EFE-47EA-8600-588049B66B6B}.AppStore|iPhoneSimulator.ActiveCfg = Release|Any CPU
		{47ADD5C4-1EFE-47EA-8600-588049B66B6B}.AppStore|iPhoneSimulator.Build.0 = Release|Any CPU
		{47ADD5C4-1EFE-47EA-8600-588049B66B6B}.AppStore|iPhoneSimulator.Deploy.0 = Release|Any CPU
		{47ADD5C4-1EFE-47EA-8600-588049B66B6B}.Debug|Any CPU.ActiveCfg = Debug|Any CPU
		{47ADD5C4-1EFE-47EA-8600-588049B66B6B}.Debug|Any CPU.Build.0 = Debug|Any CPU
		{47ADD5C4-1EFE-47EA-8600-588049B66B6B}.Debug|Any CPU.Deploy.0 = Debug|Any CPU
		{47ADD5C4-1EFE-47EA-8600-588049B66B6B}.Debug|iPhone.ActiveCfg = Debug|Any CPU
		{47ADD5C4-1EFE-47EA-8600-588049B66B6B}.Debug|iPhone.Build.0 = Debug|Any CPU
		{47ADD5C4-1EFE-47EA-8600-588049B66B6B}.Debug|iPhone.Deploy.0 = Debug|Any CPU
		{47ADD5C4-1EFE-47EA-8600-588049B66B6B}.Debug|iPhoneSimulator.ActiveCfg = Debug|Any CPU
		{47ADD5C4-1EFE-47EA-8600-588049B66B6B}.Debug|iPhoneSimulator.Build.0 = Debug|Any CPU
		{47ADD5C4-1EFE-47EA-8600-588049B66B6B}.Debug|iPhoneSimulator.Deploy.0 = Debug|Any CPU
		{47ADD5C4-1EFE-47EA-8600-588049B66B6B}.Release|Any CPU.ActiveCfg = Release|Any CPU
		{47ADD5C4-1EFE-47EA-8600-588049B66B6B}.Release|Any CPU.Build.0 = Release|Any CPU
		{47ADD5C4-1EFE-47EA-8600-588049B66B6B}.Release|Any CPU.Deploy.0 = Release|Any CPU
		{47ADD5C4-1EFE-47EA-8600-588049B66B6B}.Release|iPhone.ActiveCfg = Release|Any CPU
		{47ADD5C4-1EFE-47EA-8600-588049B66B6B}.Release|iPhone.Build.0 = Release|Any CPU
		{47ADD5C4-1EFE-47EA-8600-588049B66B6B}.Release|iPhone.Deploy.0 = Release|Any CPU
		{47ADD5C4-1EFE-47EA-8600-588049B66B6B}.Release|iPhoneSimulator.ActiveCfg = Release|Any CPU
		{47ADD5C4-1EFE-47EA-8600-588049B66B6B}.Release|iPhoneSimulator.Build.0 = Release|Any CPU
		{47ADD5C4-1EFE-47EA-8600-588049B66B6B}.Release|iPhoneSimulator.Deploy.0 = Release|Any CPU
		{CD45410F-A592-4BEE-9CFD-53FC6BD107C0}.Ad-Hoc|Any CPU.ActiveCfg = Ad-Hoc|iPhone
		{CD45410F-A592-4BEE-9CFD-53FC6BD107C0}.Ad-Hoc|Any CPU.Build.0 = Ad-Hoc|iPhone
		{CD45410F-A592-4BEE-9CFD-53FC6BD107C0}.Ad-Hoc|Any CPU.Deploy.0 = Ad-Hoc|iPhone
		{CD45410F-A592-4BEE-9CFD-53FC6BD107C0}.Ad-Hoc|iPhone.ActiveCfg = Ad-Hoc|iPhone
		{CD45410F-A592-4BEE-9CFD-53FC6BD107C0}.Ad-Hoc|iPhone.Build.0 = Ad-Hoc|iPhone
		{CD45410F-A592-4BEE-9CFD-53FC6BD107C0}.Ad-Hoc|iPhone.Deploy.0 = Ad-Hoc|iPhone
		{CD45410F-A592-4BEE-9CFD-53FC6BD107C0}.Ad-Hoc|iPhoneSimulator.ActiveCfg = Ad-Hoc|iPhoneSimulator
		{CD45410F-A592-4BEE-9CFD-53FC6BD107C0}.Ad-Hoc|iPhoneSimulator.Build.0 = Ad-Hoc|iPhoneSimulator
		{CD45410F-A592-4BEE-9CFD-53FC6BD107C0}.Ad-Hoc|iPhoneSimulator.Deploy.0 = Ad-Hoc|iPhoneSimulator
		{CD45410F-A592-4BEE-9CFD-53FC6BD107C0}.AppStore|Any CPU.ActiveCfg = AppStore|iPhone
		{CD45410F-A592-4BEE-9CFD-53FC6BD107C0}.AppStore|Any CPU.Build.0 = AppStore|iPhone
		{CD45410F-A592-4BEE-9CFD-53FC6BD107C0}.AppStore|Any CPU.Deploy.0 = AppStore|iPhone
		{CD45410F-A592-4BEE-9CFD-53FC6BD107C0}.AppStore|iPhone.ActiveCfg = AppStore|iPhone
		{CD45410F-A592-4BEE-9CFD-53FC6BD107C0}.AppStore|iPhone.Build.0 = AppStore|iPhone
		{CD45410F-A592-4BEE-9CFD-53FC6BD107C0}.AppStore|iPhone.Deploy.0 = AppStore|iPhone
		{CD45410F-A592-4BEE-9CFD-53FC6BD107C0}.AppStore|iPhoneSimulator.ActiveCfg = AppStore|iPhoneSimulator
		{CD45410F-A592-4BEE-9CFD-53FC6BD107C0}.AppStore|iPhoneSimulator.Build.0 = AppStore|iPhoneSimulator
		{CD45410F-A592-4BEE-9CFD-53FC6BD107C0}.AppStore|iPhoneSimulator.Deploy.0 = AppStore|iPhoneSimulator
		{CD45410F-A592-4BEE-9CFD-53FC6BD107C0}.Debug|Any CPU.ActiveCfg = Debug|iPhoneSimulator
		{CD45410F-A592-4BEE-9CFD-53FC6BD107C0}.Debug|Any CPU.Build.0 = Debug|iPhoneSimulator
		{CD45410F-A592-4BEE-9CFD-53FC6BD107C0}.Debug|Any CPU.Deploy.0 = Debug|iPhoneSimulator
		{CD45410F-A592-4BEE-9CFD-53FC6BD107C0}.Debug|iPhone.ActiveCfg = Debug|iPhone
		{CD45410F-A592-4BEE-9CFD-53FC6BD107C0}.Debug|iPhone.Build.0 = Debug|iPhone
		{CD45410F-A592-4BEE-9CFD-53FC6BD107C0}.Debug|iPhone.Deploy.0 = Debug|iPhone
		{CD45410F-A592-4BEE-9CFD-53FC6BD107C0}.Debug|iPhoneSimulator.ActiveCfg = Debug|iPhoneSimulator
		{CD45410F-A592-4BEE-9CFD-53FC6BD107C0}.Debug|iPhoneSimulator.Build.0 = Debug|iPhoneSimulator
		{CD45410F-A592-4BEE-9CFD-53FC6BD107C0}.Debug|iPhoneSimulator.Deploy.0 = Debug|iPhoneSimulator
		{CD45410F-A592-4BEE-9CFD-53FC6BD107C0}.Release|Any CPU.ActiveCfg = Release|iPhone
		{CD45410F-A592-4BEE-9CFD-53FC6BD107C0}.Release|Any CPU.Build.0 = Release|iPhone
		{CD45410F-A592-4BEE-9CFD-53FC6BD107C0}.Release|Any CPU.Deploy.0 = Release|iPhone
		{CD45410F-A592-4BEE-9CFD-53FC6BD107C0}.Release|iPhone.ActiveCfg = Release|iPhone
		{CD45410F-A592-4BEE-9CFD-53FC6BD107C0}.Release|iPhone.Build.0 = Release|iPhone
		{CD45410F-A592-4BEE-9CFD-53FC6BD107C0}.Release|iPhone.Deploy.0 = Release|iPhone
		{CD45410F-A592-4BEE-9CFD-53FC6BD107C0}.Release|iPhoneSimulator.ActiveCfg = Release|iPhoneSimulator
		{CD45410F-A592-4BEE-9CFD-53FC6BD107C0}.Release|iPhoneSimulator.Build.0 = Release|iPhoneSimulator
		{CD45410F-A592-4BEE-9CFD-53FC6BD107C0}.Release|iPhoneSimulator.Deploy.0 = Release|iPhoneSimulator
		{589FCCDD-3423-4CA4-BB64-A4BB5F6C31CF}.Ad-Hoc|Any CPU.ActiveCfg = Debug|Any CPU
		{589FCCDD-3423-4CA4-BB64-A4BB5F6C31CF}.Ad-Hoc|Any CPU.Build.0 = Debug|Any CPU
		{589FCCDD-3423-4CA4-BB64-A4BB5F6C31CF}.Ad-Hoc|Any CPU.Deploy.0 = Debug|Any CPU
		{589FCCDD-3423-4CA4-BB64-A4BB5F6C31CF}.Ad-Hoc|iPhone.ActiveCfg = Debug|Any CPU
		{589FCCDD-3423-4CA4-BB64-A4BB5F6C31CF}.Ad-Hoc|iPhone.Build.0 = Debug|Any CPU
		{589FCCDD-3423-4CA4-BB64-A4BB5F6C31CF}.Ad-Hoc|iPhone.Deploy.0 = Debug|Any CPU
		{589FCCDD-3423-4CA4-BB64-A4BB5F6C31CF}.Ad-Hoc|iPhoneSimulator.ActiveCfg = Debug|Any CPU
		{589FCCDD-3423-4CA4-BB64-A4BB5F6C31CF}.Ad-Hoc|iPhoneSimulator.Build.0 = Debug|Any CPU
		{589FCCDD-3423-4CA4-BB64-A4BB5F6C31CF}.Ad-Hoc|iPhoneSimulator.Deploy.0 = Debug|Any CPU
		{589FCCDD-3423-4CA4-BB64-A4BB5F6C31CF}.AppStore|Any CPU.ActiveCfg = Debug|Any CPU
		{589FCCDD-3423-4CA4-BB64-A4BB5F6C31CF}.AppStore|Any CPU.Build.0 = Debug|Any CPU
		{589FCCDD-3423-4CA4-BB64-A4BB5F6C31CF}.AppStore|Any CPU.Deploy.0 = Debug|Any CPU
		{589FCCDD-3423-4CA4-BB64-A4BB5F6C31CF}.AppStore|iPhone.ActiveCfg = Debug|Any CPU
		{589FCCDD-3423-4CA4-BB64-A4BB5F6C31CF}.AppStore|iPhone.Build.0 = Debug|Any CPU
		{589FCCDD-3423-4CA4-BB64-A4BB5F6C31CF}.AppStore|iPhone.Deploy.0 = Debug|Any CPU
		{589FCCDD-3423-4CA4-BB64-A4BB5F6C31CF}.AppStore|iPhoneSimulator.ActiveCfg = Debug|Any CPU
		{589FCCDD-3423-4CA4-BB64-A4BB5F6C31CF}.AppStore|iPhoneSimulator.Build.0 = Debug|Any CPU
		{589FCCDD-3423-4CA4-BB64-A4BB5F6C31CF}.AppStore|iPhoneSimulator.Deploy.0 = Debug|Any CPU
		{589FCCDD-3423-4CA4-BB64-A4BB5F6C31CF}.Debug|Any CPU.ActiveCfg = Debug|Any CPU
		{589FCCDD-3423-4CA4-BB64-A4BB5F6C31CF}.Debug|Any CPU.Build.0 = Debug|Any CPU
		{589FCCDD-3423-4CA4-BB64-A4BB5F6C31CF}.Debug|Any CPU.Deploy.0 = Debug|Any CPU
		{589FCCDD-3423-4CA4-BB64-A4BB5F6C31CF}.Debug|iPhone.ActiveCfg = Debug|Any CPU
		{589FCCDD-3423-4CA4-BB64-A4BB5F6C31CF}.Debug|iPhone.Build.0 = Debug|Any CPU
		{589FCCDD-3423-4CA4-BB64-A4BB5F6C31CF}.Debug|iPhone.Deploy.0 = Debug|Any CPU
		{589FCCDD-3423-4CA4-BB64-A4BB5F6C31CF}.Debug|iPhoneSimulator.ActiveCfg = Debug|Any CPU
		{589FCCDD-3423-4CA4-BB64-A4BB5F6C31CF}.Debug|iPhoneSimulator.Build.0 = Debug|Any CPU
		{589FCCDD-3423-4CA4-BB64-A4BB5F6C31CF}.Debug|iPhoneSimulator.Deploy.0 = Debug|Any CPU
		{589FCCDD-3423-4CA4-BB64-A4BB5F6C31CF}.Release|Any CPU.ActiveCfg = Release|Any CPU
		{589FCCDD-3423-4CA4-BB64-A4BB5F6C31CF}.Release|Any CPU.Build.0 = Release|Any CPU
		{589FCCDD-3423-4CA4-BB64-A4BB5F6C31CF}.Release|Any CPU.Deploy.0 = Release|Any CPU
		{589FCCDD-3423-4CA4-BB64-A4BB5F6C31CF}.Release|iPhone.ActiveCfg = Release|Any CPU
		{589FCCDD-3423-4CA4-BB64-A4BB5F6C31CF}.Release|iPhone.Build.0 = Release|Any CPU
		{589FCCDD-3423-4CA4-BB64-A4BB5F6C31CF}.Release|iPhone.Deploy.0 = Release|Any CPU
		{589FCCDD-3423-4CA4-BB64-A4BB5F6C31CF}.Release|iPhoneSimulator.ActiveCfg = Release|Any CPU
		{589FCCDD-3423-4CA4-BB64-A4BB5F6C31CF}.Release|iPhoneSimulator.Build.0 = Release|Any CPU
		{589FCCDD-3423-4CA4-BB64-A4BB5F6C31CF}.Release|iPhoneSimulator.Deploy.0 = Release|Any CPU
	EndGlobalSection
	GlobalSection(SolutionProperties) = preSolution
		HideSolutionNode = FALSE
	EndGlobalSection
	GlobalSection(ExtensibilityGlobals) = postSolution
		SolutionGuid = {C57C47A6-155B-4432-AAF8-7DC9ACEC60AF}
	EndGlobalSection
EndGlobal
